<?xml version="1.0" encoding="UTF-8"?>
<Scheme LastUpgradeVersion="2660" version="1.3">
<BuildAction parallelizeBuildables="YES" buildImplicitDependencies="YES"><BuildActionEntries><BuildActionEntry buildForTesting="YES" buildForRunning="YES" buildForProfiling="YES" buildForArchiving="YES" buildForAnalyzing="YES"><BuildableReference BuildableIdentifier="primary" BlueprintIdentifier="AC63FCD376ED5727CE0BD208" BuildableName="MojeZegarki.app" BlueprintName="MojeZegarki" ReferencedContainer="container:MojeZegarki.xcodeproj"/></BuildActionEntry></BuildActionEntries></BuildAction>
<TestAction buildConfiguration="Debug" selectedDebuggerIdentifier="Xcode.DebuggerFoundation.Debugger.LLDB" selectedLauncherIdentifier="Xcode.IDEFoundation.Launcher.LLDB" shouldUseLaunchSchemeArgsEnv="YES"><Testables><TestableReference skipped="NO" parallelizable="NO"><BuildableReference BuildableIdentifier="primary" BlueprintIdentifier="FCF56959D8E4AB63FACF0C2C" BuildableName="MojeZegarkiTests.xctest" BlueprintName="MojeZegarkiTests" ReferencedContainer="container:MojeZegarki.xcodeproj"/></TestableReference><TestableReference skipped="NO" parallelizable="NO"><BuildableReference BuildableIdentifier="primary" BlueprintIdentifier="F0553766EAA05376D5CCD0EB" BuildableName="MojeZegarkiUITests.xctest" BlueprintName="MojeZegarkiUITests" ReferencedContainer="container:MojeZegarki.xcodeproj"/></TestableReference></Testables></TestAction>
<LaunchAction buildConfiguration="Debug" selectedDebuggerIdentifier="Xcode.DebuggerFoundation.Debugger.LLDB" selectedLauncherIdentifier="Xcode.IDEFoundation.Launcher.LLDB" launchStyle="0" useCustomWorkingDirectory="NO" ignoresPersistentStateOnLaunch="NO" debugDocumentVersioning="YES" debugServiceExtension="internal" allowLocationSimulation="YES"><BuildableProductRunnable runnableDebuggingMode="0"><BuildableReference BuildableIdentifier="primary" BlueprintIdentifier="AC63FCD376ED5727CE0BD208" BuildableName="MojeZegarki.app" BlueprintName="MojeZegarki" ReferencedContainer="container:MojeZegarki.xcodeproj"/></BuildableProductRunnable></LaunchAction>
<ProfileAction buildConfiguration="Release" shouldUseLaunchSchemeArgsEnv="YES" savedToolIdentifier="" useCustomWorkingDirectory="NO" debugDocumentVersioning="YES"><BuildableProductRunnable runnableDebuggingMode="0"><BuildableReference BuildableIdentifier="primary" BlueprintIdentifier="AC63FCD376ED5727CE0BD208" BuildableName="MojeZegarki.app" BlueprintName="MojeZegarki" ReferencedContainer="container:MojeZegarki.xcodeproj"/></BuildableProductRunnable></ProfileAction>
<AnalyzeAction buildConfiguration="Debug"/>
<ArchiveAction buildConfiguration="Release" revealArchiveInOrganizer="YES"/>
</Scheme>
