// !$*UTF8*$!
{ archiveVersion = 1; classes = {}; objectVersion = 56; objects = {
45EDEF8DA916E87DCC6EF9BF = { isa = PBXFileReference; lastKnownFileType = sourcecode.swift; path = "AppError.swift"; sourceTree = "<group>"; };
190E12A6DE050AA0E4F254A4 = { isa = PBXBuildFile; fileRef = 45EDEF8DA916E87DCC6EF9BF; };
1002E2A2D83E50DF7F3ACF97 = { isa = PBXFileReference; lastKnownFileType = sourcecode.swift; path = "LockShield.swift"; sourceTree = "<group>"; };
C5AFF9879F39852C5D7DD54F = { isa = PBXBuildFile; fileRef = 1002E2A2D83E50DF7F3ACF97; };
FE11ED33912A05BB7857BABF = { isa = PBXFileReference; lastKnownFileType = sourcecode.swift; path = "MojeZegarkiApp.swift"; sourceTree = "<group>"; };
8C40DD5AFDF8C8CD111D34DC = { isa = PBXBuildFile; fileRef = FE11ED33912A05BB7857BABF; };
A261FC320BF614D2C4274E52 = { isa = PBXFileReference; lastKnownFileType = sourcecode.swift; path = "RootView.swift"; sourceTree = "<group>"; };
8CD6737D43AB27F56CEA5005 = { isa = PBXBuildFile; fileRef = A261FC320BF614D2C4274E52; };
1475EFD9D255E2CF05827271 = { isa = PBXGroup; children = (45EDEF8DA916E87DCC6EF9BF,1002E2A2D83E50DF7F3ACF97,FE11ED33912A05BB7857BABF,A261FC320BF614D2C4274E52,); path = "App"; sourceTree = "<group>"; };
B9B816C4E4AEB7EA3D3EACDD = { isa = PBXFileReference; lastKnownFileType = sourcecode.swift; path = "DocumentTypes.swift"; sourceTree = "<group>"; };
E15D9232E86384A39690B752 = { isa = PBXBuildFile; fileRef = B9B816C4E4AEB7EA3D3EACDD; };
6E7B22E931690D246AD42192 = { isa = PBXFileReference; lastKnownFileType = sourcecode.swift; path = "WatchTypes.swift"; sourceTree = "<group>"; };
B56D10DC665529CF38510088 = { isa = PBXBuildFile; fileRef = 6E7B22E931690D246AD42192; };
09F158ABF3575947F19E6D0A = { isa = PBXFileReference; lastKnownFileType = sourcecode.swift; path = "WearDay.swift"; sourceTree = "<group>"; };
12798E6ACA4D4472B8A77F8A = { isa = PBXBuildFile; fileRef = 09F158ABF3575947F19E6D0A; };
9F78BA3FF36DC56A95686568 = { isa = PBXFileReference; lastKnownFileType = sourcecode.swift; path = "WishlistDraft.swift"; sourceTree = "<group>"; };
7E24AFD9C426B75DFFC16F57 = { isa = PBXBuildFile; fileRef = 9F78BA3FF36DC56A95686568; };
10208B03215AADB9C46A7535 = { isa = PBXGroup; children = (B9B816C4E4AEB7EA3D3EACDD,6E7B22E931690D246AD42192,09F158ABF3575947F19E6D0A,9F78BA3FF36DC56A95686568,); path = "Domain"; sourceTree = "<group>"; };
76CD33C3F6AA70A109319289 = { isa = PBXFileReference; lastKnownFileType = sourcecode.swift; path = "CollectionView.swift"; sourceTree = "<group>"; };
5AEAF8372FC2C5CEAA2DBB4C = { isa = PBXBuildFile; fileRef = 76CD33C3F6AA70A109319289; };
E7695B7C24BB24A1302201AC = { isa = PBXFileReference; lastKnownFileType = sourcecode.swift; path = "PhotoView.swift"; sourceTree = "<group>"; };
8DF67488E9433441399533DF = { isa = PBXBuildFile; fileRef = E7695B7C24BB24A1302201AC; };
E702C5225D67539778E823A8 = { isa = PBXFileReference; lastKnownFileType = sourcecode.swift; path = "TimepieceDetailView.swift"; sourceTree = "<group>"; };
CA3DB8F2EF9B83CD5469160D = { isa = PBXBuildFile; fileRef = E702C5225D67539778E823A8; };
5015B9A05080CD7ACD47908C = { isa = PBXFileReference; lastKnownFileType = sourcecode.swift; path = "TimepieceEditorView.swift"; sourceTree = "<group>"; };
97B8FA873634F62467BC13F0 = { isa = PBXBuildFile; fileRef = 5015B9A05080CD7ACD47908C; };
C7EFD3EF57DECBFAD5C8660E = { isa = PBXGroup; children = (76CD33C3F6AA70A109319289,E7695B7C24BB24A1302201AC,E702C5225D67539778E823A8,5015B9A05080CD7ACD47908C,); path = "Collection"; sourceTree = "<group>"; };
4DD44D09B4E017F915D45294 = { isa = PBXFileReference; lastKnownFileType = sourcecode.swift; path = "DocumentPreviewView.swift"; sourceTree = "<group>"; };
9464FA5EBF66900A492D4190 = { isa = PBXBuildFile; fileRef = 4DD44D09B4E017F915D45294; };
D7F58E14745A5BF6AC8A577B = { isa = PBXFileReference; lastKnownFileType = sourcecode.swift; path = "DocumentsView.swift"; sourceTree = "<group>"; };
74053BC7FE1391FF86718530 = { isa = PBXBuildFile; fileRef = D7F58E14745A5BF6AC8A577B; };
EAAB65F8AE55B1A6FDB11328 = { isa = PBXGroup; children = (4DD44D09B4E017F915D45294,D7F58E14745A5BF6AC8A577B,); path = "Documents"; sourceTree = "<group>"; };
078151CF97D91D8173A69324 = { isa = PBXFileReference; lastKnownFileType = sourcecode.swift; path = "SettingsView.swift"; sourceTree = "<group>"; };
A26B4FED7851F9E99BE8BC3C = { isa = PBXBuildFile; fileRef = 078151CF97D91D8173A69324; };
AC60AF109213A9B1E7B5036C = { isa = PBXGroup; children = (078151CF97D91D8173A69324,); path = "Settings"; sourceTree = "<group>"; };
6D2FF408CE63D2A71F0F4C4E = { isa = PBXFileReference; lastKnownFileType = sourcecode.swift; path = "WearView.swift"; sourceTree = "<group>"; };
3E1223A786843F65F449DB92 = { isa = PBXBuildFile; fileRef = 6D2FF408CE63D2A71F0F4C4E; };
D0F0707B83F464A2B5CCFE08 = { isa = PBXGroup; children = (6D2FF408CE63D2A71F0F4C4E,); path = "Wear"; sourceTree = "<group>"; };
B50D978E139A81B9FCAF9AFD = { isa = PBXFileReference; lastKnownFileType = sourcecode.swift; path = "WishlistView.swift"; sourceTree = "<group>"; };
D4E74F1AA38FED6400A7EF53 = { isa = PBXBuildFile; fileRef = B50D978E139A81B9FCAF9AFD; };
800E7E96C9B5F375B1D644D2 = { isa = PBXGroup; children = (B50D978E139A81B9FCAF9AFD,); path = "Wishlist"; sourceTree = "<group>"; };
7D17E5F50E01E59CDD718A71 = { isa = PBXGroup; children = (C7EFD3EF57DECBFAD5C8660E,EAAB65F8AE55B1A6FDB11328,AC60AF109213A9B1E7B5036C,D0F0707B83F464A2B5CCFE08,800E7E96C9B5F375B1D644D2,); path = "Features"; sourceTree = "<group>"; };
19210AE448DA0ABAB8750744 = { isa = PBXFileReference; lastKnownFileType = sourcecode.swift; path = "CollectionSchema.swift"; sourceTree = "<group>"; };
04702C25A5714DD909F0DFC5 = { isa = PBXBuildFile; fileRef = 19210AE448DA0ABAB8750744; };
F48D5A5551D53FAB6248C11D = { isa = PBXFileReference; lastKnownFileType = sourcecode.swift; path = "CollectionSchemaV2.swift"; sourceTree = "<group>"; };
EE899E36CE74DD8D9761C798 = { isa = PBXBuildFile; fileRef = F48D5A5551D53FAB6248C11D; };
03C92F291EBBA494F8D9622A = { isa = PBXFileReference; lastKnownFileType = sourcecode.swift; path = "CollectionStore.swift"; sourceTree = "<group>"; };
B4CFE7FAF07C208453820A04 = { isa = PBXBuildFile; fileRef = 03C92F291EBBA494F8D9622A; };
DFBC7678EC9C1863E2AE4F59 = { isa = PBXGroup; children = (19210AE448DA0ABAB8750744,F48D5A5551D53FAB6248C11D,03C92F291EBBA494F8D9622A,); path = "Persistence"; sourceTree = "<group>"; };
AE4E82260C83AF63B2E2931D = { isa = PBXFileReference; lastKnownFileType = sourcecode.swift; path = "AppLock.swift"; sourceTree = "<group>"; };
D34F855A50BEE6E89363F372 = { isa = PBXBuildFile; fileRef = AE4E82260C83AF63B2E2931D; };
CCBF6E9632325D1F5A5B8AA3 = { isa = PBXFileReference; lastKnownFileType = sourcecode.swift; path = "DocumentStore.swift"; sourceTree = "<group>"; };
EBB2138D447384A1C56399B8 = { isa = PBXBuildFile; fileRef = CCBF6E9632325D1F5A5B8AA3; };
81EBF365D4524DE104976E42 = { isa = PBXFileReference; lastKnownFileType = sourcecode.swift; path = "PhotoStore.swift"; sourceTree = "<group>"; };
66D6BA5C312AC22133C87E87 = { isa = PBXBuildFile; fileRef = 81EBF365D4524DE104976E42; };
BD28C4A8CF4996C22D248E3F = { isa = PBXGroup; children = (AE4E82260C83AF63B2E2931D,CCBF6E9632325D1F5A5B8AA3,81EBF365D4524DE104976E42,); path = "Services"; sourceTree = "<group>"; };
097045A8359835A73ACAD6E7 = { isa = PBXFileReference; lastKnownFileType = folder.assetcatalog; path = "Assets.xcassets"; sourceTree = "<group>"; };
86E26D2AB2B33795ADD274EC = { isa = PBXBuildFile; fileRef = 097045A8359835A73ACAD6E7; };
7BE49B9B343D17AC911FC3F6 = { isa = PBXFileReference; lastKnownFileType = text.json.xcstrings; path = "Localizable.xcstrings"; sourceTree = "<group>"; };
349A870A2F72B35EB6681332 = { isa = PBXBuildFile; fileRef = 7BE49B9B343D17AC911FC3F6; };
8A112267E929502BF8263454 = { isa = PBXFileReference; lastKnownFileType = text.xml; path = "PrivacyInfo.xcprivacy"; sourceTree = "<group>"; };
71023499FE93D9BCAB236A23 = { isa = PBXBuildFile; fileRef = 8A112267E929502BF8263454; };
863E659805EAEF9EF6ED0019 = { isa = PBXFileReference; lastKnownFileType = text.plist.strings; name = en; path = "en.lproj/InfoPlist.strings"; sourceTree = "<group>"; };
004DDBF4871F50AC6F637034 = { isa = PBXFileReference; lastKnownFileType = text.plist.strings; name = pl; path = "pl.lproj/InfoPlist.strings"; sourceTree = "<group>"; };
987AAB6D1335350732FD5CDB = { isa = PBXVariantGroup; children = (863E659805EAEF9EF6ED0019,004DDBF4871F50AC6F637034,); name = InfoPlist.strings; sourceTree = "<group>"; };
58485B0C7AFFCAD545225ADA = { isa = PBXBuildFile; fileRef = 987AAB6D1335350732FD5CDB; };
0189424A5A60FED329FA868E = { isa = PBXGroup; children = (097045A8359835A73ACAD6E7,7BE49B9B343D17AC911FC3F6,8A112267E929502BF8263454,987AAB6D1335350732FD5CDB,); path = Resources; sourceTree = "<group>"; };
681D8297790EAE3457110456 = { isa = PBXGroup; children = (1475EFD9D255E2CF05827271,10208B03215AADB9C46A7535,7D17E5F50E01E59CDD718A71,DFBC7678EC9C1863E2AE4F59,BD28C4A8CF4996C22D248E3F,0189424A5A60FED329FA868E,); path = "MojeZegarki"; sourceTree = "<group>"; };
144E24429C6B2DB14D957368 = { isa = PBXFileReference; lastKnownFileType = sourcecode.swift; path = "AppLockTests.swift"; sourceTree = "<group>"; };
68020241B5E5DA5BF38AA064 = { isa = PBXBuildFile; fileRef = 144E24429C6B2DB14D957368; };
7BAC008B2DF99278619233FE = { isa = PBXFileReference; lastKnownFileType = sourcecode.swift; path = "CollectionTests.swift"; sourceTree = "<group>"; };
E6ACF921A64A4A5F62BC1C57 = { isa = PBXBuildFile; fileRef = 7BAC008B2DF99278619233FE; };
259737604D2CFB1D01F233D1 = { isa = PBXFileReference; lastKnownFileType = sourcecode.swift; path = "FreeModuleTests.swift"; sourceTree = "<group>"; };
9CD99E564C58B07EE748BD4A = { isa = PBXBuildFile; fileRef = 259737604D2CFB1D01F233D1; };
156052F04525D0F710673CF0 = { isa = PBXGroup; children = (144E24429C6B2DB14D957368,7BAC008B2DF99278619233FE,259737604D2CFB1D01F233D1,); path = "Tests"; sourceTree = "<group>"; };
E202D8F442FDD04AE706140E = { isa = PBXFileReference; lastKnownFileType = sourcecode.swift; path = "CollectionUITests.swift"; sourceTree = "<group>"; };
B9CC5C5EE0A9A590619F9F21 = { isa = PBXBuildFile; fileRef = E202D8F442FDD04AE706140E; };
00862672210B614F7E585226 = { isa = PBXFileReference; lastKnownFileType = sourcecode.swift; path = "FreeModuleUITests.swift"; sourceTree = "<group>"; };
4643A935D3C7CE153319722B = { isa = PBXBuildFile; fileRef = 00862672210B614F7E585226; };
5A349263041B6A939BD7831F = { isa = PBXGroup; children = (E202D8F442FDD04AE706140E,00862672210B614F7E585226,); path = "UITests"; sourceTree = "<group>"; };
89E1FD6268CC0F221A2BE178 = { isa = XCBuildConfiguration; buildSettings = { CLANG_ENABLE_MODULES = "YES"; CLANG_ENABLE_OBJC_ARC = "YES"; DEBUG_INFORMATION_FORMAT = "dwarf"; ENABLE_TESTABILITY = "YES"; ENABLE_USER_SCRIPT_SANDBOXING = "YES"; IPHONEOS_DEPLOYMENT_TARGET = "17.0"; ONLY_ACTIVE_ARCH = "YES"; SDKROOT = "iphoneos"; SWIFT_ACTIVE_COMPILATION_CONDITIONS = "DEBUG $(inherited)"; SWIFT_OPTIMIZATION_LEVEL = "-Onone"; SWIFT_STRICT_CONCURRENCY = "complete"; SWIFT_VERSION = "6.0"; }; name = Debug; };
E6DE6C99132752C914FEF632 = { isa = XCBuildConfiguration; buildSettings = { CLANG_ENABLE_MODULES = "YES"; CLANG_ENABLE_OBJC_ARC = "YES"; DEBUG_INFORMATION_FORMAT = "dwarf-with-dsym"; ENABLE_USER_SCRIPT_SANDBOXING = "YES"; IPHONEOS_DEPLOYMENT_TARGET = "17.0"; SDKROOT = "iphoneos"; SWIFT_OPTIMIZATION_LEVEL = "-O"; SWIFT_STRICT_CONCURRENCY = "complete"; SWIFT_VERSION = "6.0"; }; name = Release; };
862894B703A6DEDF96A9DD6C = { isa = XCConfigurationList; buildConfigurations = (89E1FD6268CC0F221A2BE178,E6DE6C99132752C914FEF632,); defaultConfigurationIsVisible = 0; defaultConfigurationName = Release; };
6E285DF62416BD4B68439D20 = { isa = PBXFileReference; explicitFileType = wrapper.application; includeInIndex = 0; path = MojeZegarki.app; sourceTree = BUILT_PRODUCTS_DIR; };
A649DF9B901BE335C93490EC = { isa = PBXSourcesBuildPhase; buildActionMask = 2147483647; files = (190E12A6DE050AA0E4F254A4,C5AFF9879F39852C5D7DD54F,8C40DD5AFDF8C8CD111D34DC,8CD6737D43AB27F56CEA5005,E15D9232E86384A39690B752,B56D10DC665529CF38510088,12798E6ACA4D4472B8A77F8A,7E24AFD9C426B75DFFC16F57,5AEAF8372FC2C5CEAA2DBB4C,8DF67488E9433441399533DF,CA3DB8F2EF9B83CD5469160D,97B8FA873634F62467BC13F0,9464FA5EBF66900A492D4190,74053BC7FE1391FF86718530,A26B4FED7851F9E99BE8BC3C,3E1223A786843F65F449DB92,D4E74F1AA38FED6400A7EF53,04702C25A5714DD909F0DFC5,EE899E36CE74DD8D9761C798,B4CFE7FAF07C208453820A04,D34F855A50BEE6E89363F372,EBB2138D447384A1C56399B8,66D6BA5C312AC22133C87E87,); runOnlyForDeploymentPostprocessing = 0; };
609264385B42858101192C7D = { isa = PBXFrameworksBuildPhase; buildActionMask = 2147483647; files = (); runOnlyForDeploymentPostprocessing = 0; };
12A89187922AFE9FA0EDD91B = { isa = PBXResourcesBuildPhase; buildActionMask = 2147483647; files = (86E26D2AB2B33795ADD274EC,349A870A2F72B35EB6681332,71023499FE93D9BCAB236A23,58485B0C7AFFCAD545225ADA,); runOnlyForDeploymentPostprocessing = 0; };
5BE0B5220B01DB137FEFA9FE = { isa = XCBuildConfiguration; buildSettings = { ASSETCATALOG_COMPILER_APPICON_NAME = "AppIcon"; ASSETCATALOG_COMPILER_GLOBAL_ACCENT_COLOR_NAME = "AccentColor"; CODE_SIGN_STYLE = "Automatic"; CURRENT_PROJECT_VERSION = "1"; GENERATE_INFOPLIST_FILE = "YES"; INFOPLIST_KEY_CFBundleDisplayName = "Moje Zegarki"; INFOPLIST_KEY_NSFaceIDUsageDescription = "Use Face ID to unlock your private watch collection."; INFOPLIST_KEY_UIApplicationSceneManifest_Generation = "YES"; INFOPLIST_KEY_UILaunchScreen_Generation = "YES"; INFOPLIST_KEY_UISupportedInterfaceOrientations = "UIInterfaceOrientationPortrait"; MARKETING_VERSION = "0.2.0"; PRODUCT_BUNDLE_IDENTIFIER = "pl.jakubbatycki.MojeZegarki"; PRODUCT_NAME = "$(TARGET_NAME)"; SUPPORTED_PLATFORMS = "iphoneos iphonesimulator"; SUPPORTS_MACCATALYST = "NO"; SWIFT_EMIT_LOC_STRINGS = "YES"; TARGETED_DEVICE_FAMILY = "1"; }; name = Debug; };
23002DFE6D972EAF49415A03 = { isa = XCBuildConfiguration; buildSettings = { ASSETCATALOG_COMPILER_APPICON_NAME = "AppIcon"; ASSETCATALOG_COMPILER_GLOBAL_ACCENT_COLOR_NAME = "AccentColor"; CODE_SIGN_STYLE = "Automatic"; CURRENT_PROJECT_VERSION = "1"; GENERATE_INFOPLIST_FILE = "YES"; INFOPLIST_KEY_CFBundleDisplayName = "Moje Zegarki"; INFOPLIST_KEY_NSFaceIDUsageDescription = "Use Face ID to unlock your private watch collection."; INFOPLIST_KEY_UIApplicationSceneManifest_Generation = "YES"; INFOPLIST_KEY_UILaunchScreen_Generation = "YES"; INFOPLIST_KEY_UISupportedInterfaceOrientations = "UIInterfaceOrientationPortrait"; MARKETING_VERSION = "0.2.0"; PRODUCT_BUNDLE_IDENTIFIER = "pl.jakubbatycki.MojeZegarki"; PRODUCT_NAME = "$(TARGET_NAME)"; SUPPORTED_PLATFORMS = "iphoneos iphonesimulator"; SUPPORTS_MACCATALYST = "NO"; SWIFT_EMIT_LOC_STRINGS = "YES"; TARGETED_DEVICE_FAMILY = "1"; }; name = Release; };
FD09E8DD823BC4E86C1F6494 = { isa = XCConfigurationList; buildConfigurations = (5BE0B5220B01DB137FEFA9FE,23002DFE6D972EAF49415A03,); defaultConfigurationIsVisible = 0; defaultConfigurationName = Release; };
AC63FCD376ED5727CE0BD208 = { isa = PBXNativeTarget; buildConfigurationList = FD09E8DD823BC4E86C1F6494; buildPhases = (A649DF9B901BE335C93490EC,609264385B42858101192C7D,12A89187922AFE9FA0EDD91B,); buildRules = (); dependencies = (); name = MojeZegarki; productName = MojeZegarki; productReference = 6E285DF62416BD4B68439D20; productType = "com.apple.product-type.application"; };
4BB7453A06207C79A217178B = { isa = PBXFileReference; explicitFileType = wrapper.cfbundle; includeInIndex = 0; path = MojeZegarkiTests.xctest; sourceTree = BUILT_PRODUCTS_DIR; };
250628AB2CABBE13963F5C2C = { isa = PBXSourcesBuildPhase; buildActionMask = 2147483647; files = (68020241B5E5DA5BF38AA064,E6ACF921A64A4A5F62BC1C57,9CD99E564C58B07EE748BD4A,); runOnlyForDeploymentPostprocessing = 0; };
03EF606706FF330FA9A948AA = { isa = PBXFrameworksBuildPhase; buildActionMask = 2147483647; files = (); runOnlyForDeploymentPostprocessing = 0; };
F9EC4FC7A8587DCA6D1D42BE = { isa = PBXResourcesBuildPhase; buildActionMask = 2147483647; files = (); runOnlyForDeploymentPostprocessing = 0; };
92E74F0CFD89B158164DD61F = { isa = PBXContainerItemProxy; containerPortal = 98F54143AB4E86B28C3AFEE0; proxyType = 1; remoteGlobalIDString = AC63FCD376ED5727CE0BD208; remoteInfo = MojeZegarki; };
F90FCA579DB01EFA5ECD2DA6 = { isa = PBXTargetDependency; target = AC63FCD376ED5727CE0BD208; targetProxy = 92E74F0CFD89B158164DD61F; };
F2FA7C118F7BE284CF574803 = { isa = XCBuildConfiguration; buildSettings = { BUNDLE_LOADER = "$(TEST_HOST)"; CODE_SIGN_STYLE = "Automatic"; CURRENT_PROJECT_VERSION = "1"; GENERATE_INFOPLIST_FILE = "YES"; MARKETING_VERSION = "0.2.0"; PRODUCT_BUNDLE_IDENTIFIER = "pl.jakubbatycki.MojeZegarkiTests"; PRODUCT_NAME = "$(TARGET_NAME)"; SUPPORTED_PLATFORMS = "iphoneos iphonesimulator"; SUPPORTS_MACCATALYST = "NO"; SWIFT_EMIT_LOC_STRINGS = "NO"; TARGETED_DEVICE_FAMILY = "1"; TEST_HOST = "$(BUILT_PRODUCTS_DIR)/MojeZegarki.app/$(BUNDLE_EXECUTABLE_FOLDER_PATH)/MojeZegarki"; }; name = Debug; };
7F8B44E7CC9518439C0C1E6C = { isa = XCBuildConfiguration; buildSettings = { BUNDLE_LOADER = "$(TEST_HOST)"; CODE_SIGN_STYLE = "Automatic"; CURRENT_PROJECT_VERSION = "1"; GENERATE_INFOPLIST_FILE = "YES"; MARKETING_VERSION = "0.2.0"; PRODUCT_BUNDLE_IDENTIFIER = "pl.jakubbatycki.MojeZegarkiTests"; PRODUCT_NAME = "$(TARGET_NAME)"; SUPPORTED_PLATFORMS = "iphoneos iphonesimulator"; SUPPORTS_MACCATALYST = "NO"; SWIFT_EMIT_LOC_STRINGS = "NO"; TARGETED_DEVICE_FAMILY = "1"; TEST_HOST = "$(BUILT_PRODUCTS_DIR)/MojeZegarki.app/$(BUNDLE_EXECUTABLE_FOLDER_PATH)/MojeZegarki"; }; name = Release; };
427D2C68A8F791BF6AC0547E = { isa = XCConfigurationList; buildConfigurations = (F2FA7C118F7BE284CF574803,7F8B44E7CC9518439C0C1E6C,); defaultConfigurationIsVisible = 0; defaultConfigurationName = Release; };
FCF56959D8E4AB63FACF0C2C = { isa = PBXNativeTarget; buildConfigurationList = 427D2C68A8F791BF6AC0547E; buildPhases = (250628AB2CABBE13963F5C2C,03EF606706FF330FA9A948AA,F9EC4FC7A8587DCA6D1D42BE,); buildRules = (); dependencies = (F90FCA579DB01EFA5ECD2DA6,); name = MojeZegarkiTests; productName = MojeZegarkiTests; productReference = 4BB7453A06207C79A217178B; productType = "com.apple.product-type.bundle.unit-test"; };
B0E04739A75F90CC09A78D18 = { isa = PBXFileReference; explicitFileType = wrapper.cfbundle; includeInIndex = 0; path = MojeZegarkiUITests.xctest; sourceTree = BUILT_PRODUCTS_DIR; };
0A163ABD4E3C4F990E16E251 = { isa = PBXSourcesBuildPhase; buildActionMask = 2147483647; files = (B9CC5C5EE0A9A590619F9F21,4643A935D3C7CE153319722B,); runOnlyForDeploymentPostprocessing = 0; };
9EFE2D4961A09F422C0AEDFB = { isa = PBXFrameworksBuildPhase; buildActionMask = 2147483647; files = (); runOnlyForDeploymentPostprocessing = 0; };
05B97AB0DD5D5B624F27C39E = { isa = PBXResourcesBuildPhase; buildActionMask = 2147483647; files = (); runOnlyForDeploymentPostprocessing = 0; };
36D39632151F1ABCEFE540C6 = { isa = PBXContainerItemProxy; containerPortal = 98F54143AB4E86B28C3AFEE0; proxyType = 1; remoteGlobalIDString = AC63FCD376ED5727CE0BD208; remoteInfo = MojeZegarki; };
FC408D25327B545F9D7749E2 = { isa = PBXTargetDependency; target = AC63FCD376ED5727CE0BD208; targetProxy = 36D39632151F1ABCEFE540C6; };
FF05E8B4C0EA4B05BF585D6E = { isa = XCBuildConfiguration; buildSettings = { CODE_SIGN_STYLE = "Automatic"; CURRENT_PROJECT_VERSION = "1"; GENERATE_INFOPLIST_FILE = "YES"; MARKETING_VERSION = "0.2.0"; PRODUCT_BUNDLE_IDENTIFIER = "pl.jakubbatycki.MojeZegarkiUITests"; PRODUCT_NAME = "$(TARGET_NAME)"; SUPPORTED_PLATFORMS = "iphoneos iphonesimulator"; SUPPORTS_MACCATALYST = "NO"; SWIFT_EMIT_LOC_STRINGS = "NO"; TARGETED_DEVICE_FAMILY = "1"; TEST_TARGET_NAME = "MojeZegarki"; }; name = Debug; };
CE17555CCC37D34E3BCBE352 = { isa = XCBuildConfiguration; buildSettings = { CODE_SIGN_STYLE = "Automatic"; CURRENT_PROJECT_VERSION = "1"; GENERATE_INFOPLIST_FILE = "YES"; MARKETING_VERSION = "0.2.0"; PRODUCT_BUNDLE_IDENTIFIER = "pl.jakubbatycki.MojeZegarkiUITests"; PRODUCT_NAME = "$(TARGET_NAME)"; SUPPORTED_PLATFORMS = "iphoneos iphonesimulator"; SUPPORTS_MACCATALYST = "NO"; SWIFT_EMIT_LOC_STRINGS = "NO"; TARGETED_DEVICE_FAMILY = "1"; TEST_TARGET_NAME = "MojeZegarki"; }; name = Release; };
27B26D491ED4CD897D7E6AD5 = { isa = XCConfigurationList; buildConfigurations = (FF05E8B4C0EA4B05BF585D6E,CE17555CCC37D34E3BCBE352,); defaultConfigurationIsVisible = 0; defaultConfigurationName = Release; };
F0553766EAA05376D5CCD0EB = { isa = PBXNativeTarget; buildConfigurationList = 27B26D491ED4CD897D7E6AD5; buildPhases = (0A163ABD4E3C4F990E16E251,9EFE2D4961A09F422C0AEDFB,05B97AB0DD5D5B624F27C39E,); buildRules = (); dependencies = (FC408D25327B545F9D7749E2,); name = MojeZegarkiUITests; productName = MojeZegarkiUITests; productReference = B0E04739A75F90CC09A78D18; productType = "com.apple.product-type.bundle.ui-testing"; };
FBDC4F23F93125BBEEAE800C = { isa = PBXGroup; children = (6E285DF62416BD4B68439D20,4BB7453A06207C79A217178B,B0E04739A75F90CC09A78D18,); name = Products; sourceTree = "<group>"; };
B28B7AF69320201D1CF206EB = { isa = PBXGroup; children = (681D8297790EAE3457110456,156052F04525D0F710673CF0,5A349263041B6A939BD7831F,FBDC4F23F93125BBEEAE800C,); sourceTree = "<group>"; };
98F54143AB4E86B28C3AFEE0 = { isa = PBXProject; attributes = { BuildIndependentTargetsInParallel = YES; LastSwiftUpdateCheck = 2660; LastUpgradeCheck = 2660; }; buildConfigurationList = 862894B703A6DEDF96A9DD6C; compatibilityVersion = "Xcode 14.0"; developmentRegion = en; hasScannedForEncodings = 0; knownRegions = (en,pl,Base,); mainGroup = B28B7AF69320201D1CF206EB; productRefGroup = FBDC4F23F93125BBEEAE800C; projectDirPath = ""; projectRoot = ""; targets = (AC63FCD376ED5727CE0BD208,FCF56959D8E4AB63FACF0C2C,F0553766EAA05376D5CCD0EB,); };
}; rootObject = 98F54143AB4E86B28C3AFEE0; }
